
Microsoft Visual Studio Solution File, Format Version 12.00
# Visual Studio Version 16
VisualStudioVersion = 16.0.30204.135
MinimumVisualStudioVersion = 10.0.40219.1
Project("{FAE04EC0-301F-11D3-BF4B-00C04F79EFBC}") = "ProdutosAPI", "ProdutosAPI\ProdutosAPI.csproj", "{89722032-FF6B-4E0D-BC30-F842DAF83DF4}"
EndProject
Global
	GlobalSection(SolutionConfigurationPlatforms) = preSolution
		Debug|Any CPU = Debug|Any CPU
		Release|Any CPU = Release|Any CPU
	EndGlobalSection
	GlobalSection(ProjectConfigurationPlatforms) = postSolution
		{89722032-FF6B-4E0D-BC30-F842DAF83DF4}.Debug|Any CPU.ActiveCfg = Debug|Any CPU
		{89722032-FF6B-4E0D-BC30-F842DAF83DF4}.Debug|Any CPU.Build.0 = Debug|Any CPU
		{89722032-FF6B-4E0D-BC30-F842DAF83DF4}.Release|Any CPU.ActiveCfg = Release|Any CPU
		{89722032-FF6B-4E0D-BC30-F842DAF83DF4}.Release|Any CPU.Build.0 = Release|Any CPU
	EndGlobalSection
	GlobalSection(SolutionProperties) = preSolution
		HideSolutionNode = FALSE
	EndGlobalSection
	GlobalSection(ExtensibilityGlobals) = postSolution
		SolutionGuid = {625B2432-0B7D-4867-8102-BADE3D06E146}
	EndGlobalSection
EndGlobal
